// !$*UTF8*$!
{
	archiveVersion = 1;
	classes = {
	};
	objectVersion = 46;
	objects = {

/* Begin PBXBuildFile section */
		931B31261B28456D0054105C /* main.m in Sources */ = {isa = PBXBuildFile; fileRef = 931B31251B28456D0054105C /* main.m */; };
		931B31291B28456D0054105C /* AppDelegate.m in Sources */ = {isa = PBXBuildFile; fileRef = 931B31281B28456D0054105C /* AppDelegate.m */; };
		931B312C1B28456D0054105C /* GameScene.m in Sources */ = {isa = PBXBuildFile; fileRef = 931B312B1B28456D0054105C /* GameScene.m */; };
		931B312E1B28456D0054105C /* GameScene.sks in Resources */ = {isa = PBXBuildFile; fileRef = 931B312D1B28456D0054105C /* GameScene.sks */; };
		931B31311B28456D0054105C /* GameViewController.m in Sources */ = {isa = PBXBuildFile; fileRef = 931B31301B28456D0054105C /* GameViewController.m */; };
		931B31341B28456D0054105C /* Main.storyboard in Resources */ = {isa = PBXBuildFile; fileRef = 931B31321B28456D0054105C /* Main.storyboard */; };
		931B31361B28456D0054105C /* Images.xcassets in Resources */ = {isa = PBXBuildFile; fileRef = 931B31351B28456D0054105C /* Images.xcassets */; };
		931B31391B28456D0054105C /* LaunchScreen.xib in Resources */ = {isa = PBXBuildFile; fileRef = 931B31371B28456D0054105C /* LaunchScreen.xib */; };
		931B31451B28456D0054105C /* DotsAndBoxesTests.m in Sources */ = {isa = PBXBuildFile; fileRef = 931B31441B28456D0054105C /* DotsAndBoxesTests.m */; };
		931B31511B2847B50054105C /* Board.m in Sources */ = {isa = PBXBuildFile; fileRef = 931B31501B2847B50054105C /* Board.m */; };
		931B31541B28494D0054105C /* Dot.m in Sources */ = {isa = PBXBuildFile; fileRef = 931B31531B28494D0054105C /* Dot.m */; };
		931B318E1B2867EF0054105C /* DotSprite.m in Sources */ = {isa = PBXBuildFile; fileRef = 931B318D1B2867EF0054105C /* DotSprite.m */; };
		931B31911B2868070054105C /* BoardNode.m in Sources */ = {isa = PBXBuildFile; fileRef = 931B31901B2868070054105C /* BoardNode.m */; };
		931B31941B2961000054105C /* Line.m in Sources */ = {isa = PBXBuildFile; fileRef = 931B31931B2961000054105C /* Line.m */; };
		931B31971B29614E0054105C /* LineSprite.m in Sources */ = {isa = PBXBuildFile; fileRef = 931B31961B29614E0054105C /* LineSprite.m */; };
		931B319B1B29A4B80054105C /* DotNode.m in Sources */ = {isa = PBXBuildFile; fileRef = 931B319A1B29A4B80054105C /* DotNode.m */; };
		931B319E1B29BD080054105C /* LineNode.m in Sources */ = {isa = PBXBuildFile; fileRef = 931B319D1B29BD080054105C /* LineNode.m */; };
		935012781B2ED9EC0047D79A /* BoxNode.m in Sources */ = {isa = PBXBuildFile; fileRef = 935012771B2ED9EC0047D79A /* BoxNode.m */; };
		9350127B1B3016640047D79A /* waves.fsh in Resources */ = {isa = PBXBuildFile; fileRef = 9350127A1B3016640047D79A /* waves.fsh */; };
		9363E61F1B381BA8000E0884 /* DBLoginViewController.m in Sources */ = {isa = PBXBuildFile; fileRef = 9363E61E1B381BA8000E0884 /* DBLoginViewController.m */; };
		9363E6251B38453B000E0884 /* DBPlayersTableViewController.m in Sources */ = {isa = PBXBuildFile; fileRef = 9363E6241B38453B000E0884 /* DBPlayersTableViewController.m */; };
		9363E6281B39457B000E0884 /* DBGameTypeViewController.m in Sources */ = {isa = PBXBuildFile; fileRef = 9363E6271B39457B000E0884 /* DBGameTypeViewController.m */; };
		9363E62B1B3973AC000E0884 /* DBGameContainerViewController.m in Sources */ = {isa = PBXBuildFile; fileRef = 9363E62A1B3973AC000E0884 /* DBGameContainerViewController.m */; };
		93AF6C981B318A0D003FC314 /* dancing_box.fsh in Resources */ = {isa = PBXBuildFile; fileRef = 93AF6C971B318A0D003FC314 /* dancing_box.fsh */; };
		93AF6C9A1B31923C003FC314 /* spectrum_wave.fsh in Resources */ = {isa = PBXBuildFile; fileRef = 93AF6C991B31923C003FC314 /* spectrum_wave.fsh */; };
		93AF6C9C1B319946003FC314 /* sinusoid.fsh in Resources */ = {isa = PBXBuildFile; fileRef = 93AF6C9B1B319946003FC314 /* sinusoid.fsh */; };
		93AF6C9E1B31A4F7003FC314 /* eclipse.fsh in Resources */ = {isa = PBXBuildFile; fileRef = 93AF6C9D1B31A4F7003FC314 /* eclipse.fsh */; };
		93B1D8B21B37FFA9007C507B /* SocketAckManager.swift in Sources */ = {isa = PBXBuildFile; fileRef = 93B1D8A51B37FFA9007C507B /* SocketAckManager.swift */; };
		93B1D8B31B37FFA9007C507B /* SocketAnyEvent.swift in Sources */ = {isa = PBXBuildFile; fileRef = 93B1D8A61B37FFA9007C507B /* SocketAnyEvent.swift */; };
		93B1D8B41B37FFA9007C507B /* SocketEngine.swift in Sources */ = {isa = PBXBuildFile; fileRef = 93B1D8A71B37FFA9007C507B /* SocketEngine.swift */; };
		93B1D8B51B37FFA9007C507B /* SocketEngineClient.swift in Sources */ = {isa = PBXBuildFile; fileRef = 93B1D8A81B37FFA9007C507B /* SocketEngineClient.swift */; };
		93B1D8B61B37FFA9007C507B /* SocketEventHandler.swift in Sources */ = {isa = PBXBuildFile; fileRef = 93B1D8A91B37FFA9007C507B /* SocketEventHandler.swift */; };
		93B1D8B71B37FFA9007C507B /* SocketFixUTF8.swift in Sources */ = {isa = PBXBuildFile; fileRef = 93B1D8AA1B37FFA9007C507B /* SocketFixUTF8.swift */; };
		93B1D8B81B37FFA9007C507B /* SocketIOClient.swift in Sources */ = {isa = PBXBuildFile; fileRef = 93B1D8AB1B37FFA9007C507B /* SocketIOClient.swift */; };
		93B1D8B91B37FFA9007C507B /* SocketLogger.swift in Sources */ = {isa = PBXBuildFile; fileRef = 93B1D8AC1B37FFA9007C507B /* SocketLogger.swift */; };
		93B1D8BA1B37FFA9007C507B /* SocketPacket.swift in Sources */ = {isa = PBXBuildFile; fileRef = 93B1D8AD1B37FFA9007C507B /* SocketPacket.swift */; };
		93B1D8BB1B37FFA9007C507B /* SocketParser.swift in Sources */ = {isa = PBXBuildFile; fileRef = 93B1D8AE1B37FFA9007C507B /* SocketParser.swift */; };
		93B1D8BC1B37FFA9007C507B /* SocketTypes.swift in Sources */ = {isa = PBXBuildFile; fileRef = 93B1D8AF1B37FFA9007C507B /* SocketTypes.swift */; };
		93B1D8BD1B37FFA9007C507B /* SwiftRegex.swift in Sources */ = {isa = PBXBuildFile; fileRef = 93B1D8B01B37FFA9007C507B /* SwiftRegex.swift */; };
		93B1D8BE1B37FFA9007C507B /* WebSocket.swift in Sources */ = {isa = PBXBuildFile; fileRef = 93B1D8B11B37FFA9007C507B /* WebSocket.swift */; };
		93D1FCE91B301F90000A0603 /* ether.fsh in Resources */ = {isa = PBXBuildFile; fileRef = 93D1FCE81B301F90000A0603 /* ether.fsh */; };
		93D1FCEB1B302749000A0603 /* galaxy.fsh in Resources */ = {isa = PBXBuildFile; fileRef = 93D1FCEA1B302749000A0603 /* galaxy.fsh */; };
		93D1FCED1B3040F6000A0603 /* blobs.fsh in Resources */ = {isa = PBXBuildFile; fileRef = 93D1FCEC1B3040F6000A0603 /* blobs.fsh */; };
/* End PBXBuildFile section */

/* Begin PBXContainerItemProxy section */
		931B313F1B28456D0054105C /* PBXContainerItemProxy */ = {
			isa = PBXContainerItemProxy;
			containerPortal = 931B31181B28456C0054105C /* Project object */;
			proxyType = 1;
			remoteGlobalIDString = 931B311F1B28456D0054105C;
			remoteInfo = DotsAndBoxes;
		};
/* End PBXContainerItemProxy section */

/* Begin PBXFileReference section */
		931B31201B28456D0054105C /* DotsAndBoxes.app */ = {isa = PBXFileReference; explicitFileType = wrapper.application; includeInIndex = 0; path = DotsAndBoxes.app; sourceTree = BUILT_PRODUCTS_DIR; };
		931B31241B28456D0054105C /* Info.plist */ = {isa = PBXFileReference; lastKnownFileType = text.plist.xml; path = Info.plist; sourceTree = "<group>"; };
		931B31251B28456D0054105C /* main.m */ = {isa = PBXFileReference; lastKnownFileType = sourcecode.c.objc; path = main.m; sourceTree = "<group>"; };
		931B31271B28456D0054105C /* AppDelegate.h */ = {isa = PBXFileReference; lastKnownFileType = sourcecode.c.h; path = AppDelegate.h; sourceTree = "<group>"; };
		931B31281B28456D0054105C /* AppDelegate.m */ = {isa = PBXFileReference; lastKnownFileType = sourcecode.c.objc; path = AppDelegate.m; sourceTree = "<group>"; };
		931B312A1B28456D0054105C /* GameScene.h */ = {isa = PBXFileReference; lastKnownFileType = sourcecode.c.h; path = GameScene.h; sourceTree = "<group>"; };
		931B312B1B28456D0054105C /* GameScene.m */ = {isa = PBXFileReference; lastKnownFileType = sourcecode.c.objc; path = GameScene.m; sourceTree = "<group>"; };
		931B312D1B28456D0054105C /* GameScene.sks */ = {isa = PBXFileReference; lastKnownFileType = file.sks; path = GameScene.sks; sourceTree = "<group>"; };
		931B312F1B28456D0054105C /* GameViewController.h */ = {isa = PBXFileReference; lastKnownFileType = sourcecode.c.h; path = GameViewController.h; sourceTree = "<group>"; };
		931B31301B28456D0054105C /* GameViewController.m */ = {isa = PBXFileReference; lastKnownFileType = sourcecode.c.objc; path = GameViewController.m; sourceTree = "<group>"; };
		931B31331B28456D0054105C /* Base */ = {isa = PBXFileReference; lastKnownFileType = file.storyboard; name = Base; path = Base.lproj/Main.storyboard; sourceTree = "<group>"; };
		931B31351B28456D0054105C /* Images.xcassets */ = {isa = PBXFileReference; lastKnownFileType = folder.assetcatalog; path = Images.xcassets; sourceTree = "<group>"; };
		931B31381B28456D0054105C /* Base */ = {isa = PBXFileReference; lastKnownFileType = file.xib; name = Base; path = Base.lproj/LaunchScreen.xib; sourceTree = "<group>"; };
		931B313E1B28456D0054105C /* DotsAndBoxesTests.xctest */ = {isa = PBXFileReference; explicitFileType = wrapper.cfbundle; includeInIndex = 0; path = DotsAndBoxesTests.xctest; sourceTree = BUILT_PRODUCTS_DIR; };
		931B31431B28456D0054105C /* Info.plist */ = {isa = PBXFileReference; lastKnownFileType = text.plist.xml; path = Info.plist; sourceTree = "<group>"; };
		931B31441B28456D0054105C /* DotsAndBoxesTests.m */ = {isa = PBXFileReference; lastKnownFileType = sourcecode.c.objc; path = DotsAndBoxesTests.m; sourceTree = "<group>"; };
		931B314F1B2847B50054105C /* Board.h */ = {isa = PBXFileReference; fileEncoding = 4; lastKnownFileType = sourcecode.c.h; name = Board.h; path = Logic/Board.h; sourceTree = "<group>"; };
		931B31501B2847B50054105C /* Board.m */ = {isa = PBXFileReference; fileEncoding = 4; lastKnownFileType = sourcecode.c.objc; name = Board.m; path = Logic/Board.m; sourceTree = "<group>"; };
		931B31521B28494D0054105C /* Dot.h */ = {isa = PBXFileReference; fileEncoding = 4; lastKnownFileType = sourcecode.c.h; name = Dot.h; path = Logic/Dot.h; sourceTree = "<group>"; };
		931B31531B28494D0054105C /* Dot.m */ = {isa = PBXFileReference; fileEncoding = 4; lastKnownFileType = sourcecode.c.objc; name = Dot.m; path = Logic/Dot.m; sourceTree = "<group>"; };
		931B31851B284EE00054105C /* PrefixHeader.pch */ = {isa = PBXFileReference; lastKnownFileType = sourcecode.c.h; path = PrefixHeader.pch; sourceTree = "<group>"; };
		931B318C1B2867EF0054105C /* DotSprite.h */ = {isa = PBXFileReference; fileEncoding = 4; lastKnownFileType = sourcecode.c.h; name = DotSprite.h; path = UI/Sprites/DotSprite.h; sourceTree = "<group>"; };
		931B318D1B2867EF0054105C /* DotSprite.m */ = {isa = PBXFileReference; fileEncoding = 4; lastKnownFileType = sourcecode.c.objc; name = DotSprite.m; path = UI/Sprites/DotSprite.m; sourceTree = "<group>"; };
		931B318F1B2868070054105C /* BoardNode.h */ = {isa = PBXFileReference; fileEncoding = 4; lastKnownFileType = sourcecode.c.h; name = BoardNode.h; path = UI/BoardNode.h; sourceTree = "<group>"; };
		931B31901B2868070054105C /* BoardNode.m */ = {isa = PBXFileReference; fileEncoding = 4; lastKnownFileType = sourcecode.c.objc; name = BoardNode.m; path = UI/BoardNode.m; sourceTree = "<group>"; };
		931B31921B2961000054105C /* Line.h */ = {isa = PBXFileReference; fileEncoding = 4; lastKnownFileType = sourcecode.c.h; name = Line.h; path = Logic/Line.h; sourceTree = "<group>"; };
		931B31931B2961000054105C /* Line.m */ = {isa = PBXFileReference; fileEncoding = 4; lastKnownFileType = sourcecode.c.objc; name = Line.m; path = Logic/Line.m; sourceTree = "<group>"; };
		931B31951B29614E0054105C /* LineSprite.h */ = {isa = PBXFileReference; fileEncoding = 4; lastKnownFileType = sourcecode.c.h; name = LineSprite.h; path = UI/Sprites/LineSprite.h; sourceTree = "<group>"; };
		931B31961B29614E0054105C /* LineSprite.m */ = {isa = PBXFileReference; fileEncoding = 4; lastKnownFileType = sourcecode.c.objc; name = LineSprite.m; path = UI/Sprites/LineSprite.m; sourceTree = "<group>"; };
		931B31991B29A4B80054105C /* DotNode.h */ = {isa = PBXFileReference; fileEncoding = 4; lastKnownFileType = sourcecode.c.h; name = DotNode.h; path = UI/Nodes/DotNode.h; sourceTree = "<group>"; };
		931B319A1B29A4B80054105C /* DotNode.m */ = {isa = PBXFileReference; fileEncoding = 4; lastKnownFileType = sourcecode.c.objc; name = DotNode.m; path = UI/Nodes/DotNode.m; sourceTree = "<group>"; };
		931B319C1B29BD080054105C /* LineNode.h */ = {isa = PBXFileReference; fileEncoding = 4; lastKnownFileType = sourcecode.c.h; name = LineNode.h; path = UI/Nodes/LineNode.h; sourceTree = "<group>"; };
		931B319D1B29BD080054105C /* LineNode.m */ = {isa = PBXFileReference; fileEncoding = 4; lastKnownFileType = sourcecode.c.objc; name = LineNode.m; path = UI/Nodes/LineNode.m; sourceTree = "<group>"; };
		935012761B2ED9EC0047D79A /* BoxNode.h */ = {isa = PBXFileReference; fileEncoding = 4; lastKnownFileType = sourcecode.c.h; name = BoxNode.h; path = UI/Nodes/BoxNode.h; sourceTree = "<group>"; };
		935012771B2ED9EC0047D79A /* BoxNode.m */ = {isa = PBXFileReference; fileEncoding = 4; lastKnownFileType = sourcecode.c.objc; name = BoxNode.m; path = UI/Nodes/BoxNode.m; sourceTree = "<group>"; };
		9350127A1B3016640047D79A /* waves.fsh */ = {isa = PBXFileReference; fileEncoding = 4; lastKnownFileType = sourcecode.glsl; name = waves.fsh; path = UI/Shaders/waves.fsh; sourceTree = "<group>"; };
		9363E61D1B381BA8000E0884 /* DBLoginViewController.h */ = {isa = PBXFileReference; fileEncoding = 4; lastKnownFileType = sourcecode.c.h; name = DBLoginViewController.h; path = UI/ViewControllers/DBLoginViewController.h; sourceTree = "<group>"; };
		9363E61E1B381BA8000E0884 /* DBLoginViewController.m */ = {isa = PBXFileReference; fileEncoding = 4; lastKnownFileType = sourcecode.c.objc; name = DBLoginViewController.m; path = UI/ViewControllers/DBLoginViewController.m; sourceTree = "<group>"; };
		9363E6231B38453B000E0884 /* DBPlayersTableViewController.h */ = {isa = PBXFileReference; fileEncoding = 4; lastKnownFileType = sourcecode.c.h; name = DBPlayersTableViewController.h; path = UI/ViewControllers/DBPlayersTableViewController.h; sourceTree = "<group>"; };
		9363E6241B38453B000E0884 /* DBPlayersTableViewController.m */ = {isa = PBXFileReference; fileEncoding = 4; lastKnownFileType = sourcecode.c.objc; name = DBPlayersTableViewController.m; path = UI/ViewControllers/DBPlayersTableViewController.m; sourceTree = "<group>"; };
		9363E6261B39457B000E0884 /* DBGameTypeViewController.h */ = {isa = PBXFileReference; fileEncoding = 4; lastKnownFileType = sourcecode.c.h; name = DBGameTypeViewController.h; path = UI/ViewControllers/DBGameTypeViewController.h; sourceTree = "<group>"; };
		9363E6271B39457B000E0884 /* DBGameTypeViewController.m */ = {isa = PBXFileReference; fileEncoding = 4; lastKnownFileType = sourcecode.c.objc; name = DBGameTypeViewController.m; path = UI/ViewControllers/DBGameTypeViewController.m; sourceTree = "<group>"; };
		9363E6291B3973AC000E0884 /* DBGameContainerViewController.h */ = {isa = PBXFileReference; fileEncoding = 4; lastKnownFileType = sourcecode.c.h; name = DBGameContainerViewController.h; path = UI/ViewControllers/DBGameContainerViewController.h; sourceTree = "<group>"; };
		9363E62A1B3973AC000E0884 /* DBGameContainerViewController.m */ = {isa = PBXFileReference; fileEncoding = 4; lastKnownFileType = sourcecode.c.objc; name = DBGameContainerViewController.m; path = UI/ViewControllers/DBGameContainerViewController.m; sourceTree = "<group>"; };
		93AF6C971B318A0D003FC314 /* dancing_box.fsh */ = {isa = PBXFileReference; fileEncoding = 4; lastKnownFileType = sourcecode.glsl; name = dancing_box.fsh; path = UI/Shaders/dancing_box.fsh; sourceTree = "<group>"; };
		93AF6C991B31923C003FC314 /* spectrum_wave.fsh */ = {isa = PBXFileReference; fileEncoding = 4; lastKnownFileType = sourcecode.glsl; name = spectrum_wave.fsh; path = UI/Shaders/spectrum_wave.fsh; sourceTree = "<group>"; };
		93AF6C9B1B319946003FC314 /* sinusoid.fsh */ = {isa = PBXFileReference; fileEncoding = 4; lastKnownFileType = sourcecode.glsl; name = sinusoid.fsh; path = UI/Shaders/sinusoid.fsh; sourceTree = "<group>"; };
		93AF6C9D1B31A4F7003FC314 /* eclipse.fsh */ = {isa = PBXFileReference; fileEncoding = 4; lastKnownFileType = sourcecode.glsl; name = eclipse.fsh; path = UI/Shaders/eclipse.fsh; sourceTree = "<group>"; };
		93B1D8A51B37FFA9007C507B /* SocketAckManager.swift */ = {isa = PBXFileReference; fileEncoding = 4; lastKnownFileType = sourcecode.swift; path = SocketAckManager.swift; sourceTree = "<group>"; };
		93B1D8A61B37FFA9007C507B /* SocketAnyEvent.swift */ = {isa = PBXFileReference; fileEncoding = 4; lastKnownFileType = sourcecode.swift; path = SocketAnyEvent.swift; sourceTree = "<group>"; };
		93B1D8A71B37FFA9007C507B /* SocketEngine.swift */ = {isa = PBXFileReference; fileEncoding = 4; lastKnownFileType = sourcecode.swift; path = SocketEngine.swift; sourceTree = "<group>"; };
		93B1D8A81B37FFA9007C507B /* SocketEngineClient.swift */ = {isa = PBXFileReference; fileEncoding = 4; lastKnownFileType = sourcecode.swift; path = SocketEngineClient.swift; sourceTree = "<group>"; };
		93B1D8A91B37FFA9007C507B /* SocketEventHandler.swift */ = {isa = PBXFileReference; fileEncoding = 4; lastKnownFileType = sourcecode.swift; path = SocketEventHandler.swift; sourceTree = "<group>"; };
		93B1D8AA1B37FFA9007C507B /* SocketFixUTF8.swift */ = {isa = PBXFileReference; fileEncoding = 4; lastKnownFileType = sourcecode.swift; path = SocketFixUTF8.swift; sourceTree = "<group>"; };
		93B1D8AB1B37FFA9007C507B /* SocketIOClient.swift */ = {isa = PBXFileReference; fileEncoding = 4; lastKnownFileType = sourcecode.swift; path = SocketIOClient.swift; sourceTree = "<group>"; };
		93B1D8AC1B37FFA9007C507B /* SocketLogger.swift */ = {isa = PBXFileReference; fileEncoding = 4; lastKnownFileType = sourcecode.swift; path = SocketLogger.swift; sourceTree = "<group>"; };
		93B1D8AD1B37FFA9007C507B /* SocketPacket.swift */ = {isa = PBXFileReference; fileEncoding = 4; lastKnownFileType = sourcecode.swift; path = SocketPacket.swift; sourceTree = "<group>"; };
		93B1D8AE1B37FFA9007C507B /* SocketParser.swift */ = {isa = PBXFileReference; fileEncoding = 4; lastKnownFileType = sourcecode.swift; path = SocketParser.swift; sourceTree = "<group>"; };
		93B1D8AF1B37FFA9007C507B /* SocketTypes.swift */ = {isa = PBXFileReference; fileEncoding = 4; lastKnownFileType = sourcecode.swift; path = SocketTypes.swift; sourceTree = "<group>"; };
		93B1D8B01B37FFA9007C507B /* SwiftRegex.swift */ = {isa = PBXFileReference; fileEncoding = 4; lastKnownFileType = sourcecode.swift; path = SwiftRegex.swift; sourceTree = "<group>"; };
		93B1D8B11B37FFA9007C507B /* WebSocket.swift */ = {isa = PBXFileReference; fileEncoding = 4; lastKnownFileType = sourcecode.swift; path = WebSocket.swift; sourceTree = "<group>"; };
		93D1FCE81B301F90000A0603 /* ether.fsh */ = {isa = PBXFileReference; fileEncoding = 4; lastKnownFileType = sourcecode.glsl; name = ether.fsh; path = UI/Shaders/ether.fsh; sourceTree = "<group>"; };
		93D1FCEA1B302749000A0603 /* galaxy.fsh */ = {isa = PBXFileReference; fileEncoding = 4; lastKnownFileType = sourcecode.glsl; name = galaxy.fsh; path = UI/Shaders/galaxy.fsh; sourceTree = "<group>"; };
		93D1FCEC1B3040F6000A0603 /* blobs.fsh */ = {isa = PBXFileReference; fileEncoding = 4; lastKnownFileType = sourcecode.glsl; name = blobs.fsh; path = UI/Shaders/blobs.fsh; sourceTree = "<group>"; };
/* End PBXFileReference section */

/* Begin PBXFrameworksBuildPhase section */
		931B311D1B28456D0054105C /* Frameworks */ = {
			isa = PBXFrameworksBuildPhase;
			buildActionMask = 2147483647;
			files = (
			);
			runOnlyForDeploymentPostprocessing = 0;
		};
		931B313B1B28456D0054105C /* Frameworks */ = {
			isa = PBXFrameworksBuildPhase;
			buildActionMask = 2147483647;
			files = (
			);
			runOnlyForDeploymentPostprocessing = 0;
		};
/* End PBXFrameworksBuildPhase section */

/* Begin PBXGroup section */
		931B31171B28456C0054105C = {
			isa = PBXGroup;
			children = (
				931B31221B28456D0054105C /* DotsAndBoxes */,
				931B31411B28456D0054105C /* DotsAndBoxesTests */,
				931B31211B28456D0054105C /* Products */,
			);
			sourceTree = "<group>";
		};
		931B31211B28456D0054105C /* Products */ = {
			isa = PBXGroup;
			children = (
				931B31201B28456D0054105C /* DotsAndBoxes.app */,
				931B313E1B28456D0054105C /* DotsAndBoxesTests.xctest */,
			);
			name = Products;
			sourceTree = "<group>";
		};
		931B31221B28456D0054105C /* DotsAndBoxes */ = {
			isa = PBXGroup;
			children = (
				931B31551B284D790054105C /* Libraries */,
				931B314E1B2847980054105C /* Logic */,
				931B318A1B2867DD0054105C /* UI */,
				931B31271B28456D0054105C /* AppDelegate.h */,
				931B31281B28456D0054105C /* AppDelegate.m */,
				931B312A1B28456D0054105C /* GameScene.h */,
				931B312B1B28456D0054105C /* GameScene.m */,
				931B312D1B28456D0054105C /* GameScene.sks */,
				931B312F1B28456D0054105C /* GameViewController.h */,
				931B31301B28456D0054105C /* GameViewController.m */,
				931B31321B28456D0054105C /* Main.storyboard */,
				931B31351B28456D0054105C /* Images.xcassets */,
				931B31371B28456D0054105C /* LaunchScreen.xib */,
				931B31231B28456D0054105C /* Supporting Files */,
			);
			path = DotsAndBoxes;
			sourceTree = "<group>";
		};
		931B31231B28456D0054105C /* Supporting Files */ = {
			isa = PBXGroup;
			children = (
				931B31241B28456D0054105C /* Info.plist */,
				931B31251B28456D0054105C /* main.m */,
				931B31851B284EE00054105C /* PrefixHeader.pch */,
			);
			name = "Supporting Files";
			sourceTree = "<group>";
		};
		931B31411B28456D0054105C /* DotsAndBoxesTests */ = {
			isa = PBXGroup;
			children = (
				931B31441B28456D0054105C /* DotsAndBoxesTests.m */,
				931B31421B28456D0054105C /* Supporting Files */,
			);
			path = DotsAndBoxesTests;
			sourceTree = "<group>";
		};
		931B31421B28456D0054105C /* Supporting Files */ = {
			isa = PBXGroup;
			children = (
				931B31431B28456D0054105C /* Info.plist */,
			);
			name = "Supporting Files";
			sourceTree = "<group>";
		};
		931B314E1B2847980054105C /* Logic */ = {
			isa = PBXGroup;
			children = (
				931B314F1B2847B50054105C /* Board.h */,
				931B31501B2847B50054105C /* Board.m */,
				931B31521B28494D0054105C /* Dot.h */,
				931B31531B28494D0054105C /* Dot.m */,
				931B31921B2961000054105C /* Line.h */,
				931B31931B2961000054105C /* Line.m */,
			);
			name = Logic;
			sourceTree = "<group>";
		};
		931B31551B284D790054105C /* Libraries */ = {
			isa = PBXGroup;
			children = (
				93B1D8A41B37FFA9007C507B /* SocketIOClientSwift */,
			);
			name = Libraries;
			sourceTree = "<group>";
		};
		931B318A1B2867DD0054105C /* UI */ = {
			isa = PBXGroup;
			children = (
				9363E61C1B381B75000E0884 /* ViewControllers */,
				935012791B3015E80047D79A /* Shaders */,
				931B31981B29A48C0054105C /* Nodes */,
				931B318B1B2867E20054105C /* Sprites */,
				931B318F1B2868070054105C /* BoardNode.h */,
				931B31901B2868070054105C /* BoardNode.m */,
			);
			name = UI;
			sourceTree = "<group>";
		};
		931B318B1B2867E20054105C /* Sprites */ = {
			isa = PBXGroup;
			children = (
				931B318C1B2867EF0054105C /* DotSprite.h */,
				931B318D1B2867EF0054105C /* DotSprite.m */,
				931B31951B29614E0054105C /* LineSprite.h */,
				931B31961B29614E0054105C /* LineSprite.m */,
			);
			name = Sprites;
			sourceTree = "<group>";
		};
		931B31981B29A48C0054105C /* Nodes */ = {
			isa = PBXGroup;
			children = (
				931B31991B29A4B80054105C /* DotNode.h */,
				931B319A1B29A4B80054105C /* DotNode.m */,
				931B319C1B29BD080054105C /* LineNode.h */,
				931B319D1B29BD080054105C /* LineNode.m */,
				935012761B2ED9EC0047D79A /* BoxNode.h */,
				935012771B2ED9EC0047D79A /* BoxNode.m */,
			);
			name = Nodes;
			sourceTree = "<group>";
		};
		935012791B3015E80047D79A /* Shaders */ = {
			isa = PBXGroup;
			children = (
				9350127A1B3016640047D79A /* waves.fsh */,
				93D1FCE81B301F90000A0603 /* ether.fsh */,
				93D1FCEA1B302749000A0603 /* galaxy.fsh */,
				93D1FCEC1B3040F6000A0603 /* blobs.fsh */,
				93AF6C971B318A0D003FC314 /* dancing_box.fsh */,
				93AF6C991B31923C003FC314 /* spectrum_wave.fsh */,
				93AF6C9B1B319946003FC314 /* sinusoid.fsh */,
				93AF6C9D1B31A4F7003FC314 /* eclipse.fsh */,
			);
			name = Shaders;
			sourceTree = "<group>";
		};
		9363E61C1B381B75000E0884 /* ViewControllers */ = {
			isa = PBXGroup;
			children = (
				9363E61D1B381BA8000E0884 /* DBLoginViewController.h */,
				9363E61E1B381BA8000E0884 /* DBLoginViewController.m */,
				9363E6231B38453B000E0884 /* DBPlayersTableViewController.h */,
				9363E6241B38453B000E0884 /* DBPlayersTableViewController.m */,
				9363E6261B39457B000E0884 /* DBGameTypeViewController.h */,
				9363E6271B39457B000E0884 /* DBGameTypeViewController.m */,
				9363E6291B3973AC000E0884 /* DBGameContainerViewController.h */,
				9363E62A1B3973AC000E0884 /* DBGameContainerViewController.m */,
			);
			name = ViewControllers;
			sourceTree = "<group>";
		};
		93B1D8A41B37FFA9007C507B /* SocketIOClientSwift */ = {
			isa = PBXGroup;
			children = (
				93B1D8A51B37FFA9007C507B /* SocketAckManager.swift */,
				93B1D8A61B37FFA9007C507B /* SocketAnyEvent.swift */,
				93B1D8A71B37FFA9007C507B /* SocketEngine.swift */,
				93B1D8A81B37FFA9007C507B /* SocketEngineClient.swift */,
				93B1D8A91B37FFA9007C507B /* SocketEventHandler.swift */,
				93B1D8AA1B37FFA9007C507B /* SocketFixUTF8.swift */,
				93B1D8AB1B37FFA9007C507B /* SocketIOClient.swift */,
				93B1D8AC1B37FFA9007C507B /* SocketLogger.swift */,
				93B1D8AD1B37FFA9007C507B /* SocketPacket.swift */,
				93B1D8AE1B37FFA9007C507B /* SocketParser.swift */,
				93B1D8AF1B37FFA9007C507B /* SocketTypes.swift */,
				93B1D8B01B37FFA9007C507B /* SwiftRegex.swift */,
				93B1D8B11B37FFA9007C507B /* WebSocket.swift */,
			);
			name = SocketIOClientSwift;
			path = Libraries/SocketIOClientSwift;
			sourceTree = "<group>";
		};
/* End PBXGroup section */

/* Begin PBXNativeTarget section */
		931B311F1B28456D0054105C /* DotsAndBoxes */ = {
			isa = PBXNativeTarget;
			buildConfigurationList = 931B31481B28456D0054105C /* Build configuration list for PBXNativeTarget "DotsAndBoxes" */;
			buildPhases = (
				931B311C1B28456D0054105C /* Sources */,
				931B311D1B28456D0054105C /* Frameworks */,
				931B311E1B28456D0054105C /* Resources */,
			);
			buildRules = (
			);
			dependencies = (
			);
			name = DotsAndBoxes;
			productName = DotsAndBoxes;
			productReference = 931B31201B28456D0054105C /* DotsAndBoxes.app */;
			productType = "com.apple.product-type.application";
		};
		931B313D1B28456D0054105C /* DotsAndBoxesTests */ = {
			isa = PBXNativeTarget;
			buildConfigurationList = 931B314B1B28456D0054105C /* Build configuration list for PBXNativeTarget "DotsAndBoxesTests" */;
			buildPhases = (
				931B313A1B28456D0054105C /* Sources */,
				931B313B1B28456D0054105C /* Frameworks */,
				931B313C1B28456D0054105C /* Resources */,
			);
			buildRules = (
			);
			dependencies = (
				931B31401B28456D0054105C /* PBXTargetDependency */,
			);
			name = DotsAndBoxesTests;
			productName = DotsAndBoxesTests;
			productReference = 931B313E1B28456D0054105C /* DotsAndBoxesTests.xctest */;
			productType = "com.apple.product-type.bundle.unit-test";
		};
/* End PBXNativeTarget section */

/* Begin PBXProject section */
		931B31181B28456C0054105C /* Project object */ = {
			isa = PBXProject;
			attributes = {
				LastUpgradeCheck = 0620;
				ORGANIZATIONNAME = bg.paperjam;
				TargetAttributes = {
					931B311F1B28456D0054105C = {
						CreatedOnToolsVersion = 6.2;
					};
					931B313D1B28456D0054105C = {
						CreatedOnToolsVersion = 6.2;
						TestTargetID = 931B311F1B28456D0054105C;
					};
				};
			};
			buildConfigurationList = 931B311B1B28456C0054105C /* Build configuration list for PBXProject "DotsAndBoxes" */;
			compatibilityVersion = "Xcode 3.2";
			developmentRegion = English;
			hasScannedForEncodings = 0;
			knownRegions = (
				en,
				Base,
			);
			mainGroup = 931B31171B28456C0054105C;
			productRefGroup = 931B31211B28456D0054105C /* Products */;
			projectDirPath = "";
			projectRoot = "";
			targets = (
				931B311F1B28456D0054105C /* DotsAndBoxes */,
				931B313D1B28456D0054105C /* DotsAndBoxesTests */,
			);
		};
/* End PBXProject section */

/* Begin PBXResourcesBuildPhase section */
		931B311E1B28456D0054105C /* Resources */ = {
			isa = PBXResourcesBuildPhase;
			buildActionMask = 2147483647;
			files = (
				93D1FCEB1B302749000A0603 /* galaxy.fsh in Resources */,
				93AF6C9A1B31923C003FC314 /* spectrum_wave.fsh in Resources */,
				9350127B1B3016640047D79A /* waves.fsh in Resources */,
				93D1FCED1B3040F6000A0603 /* blobs.fsh in Resources */,
				931B31391B28456D0054105C /* LaunchScreen.xib in Resources */,
				931B31361B28456D0054105C /* Images.xcassets in Resources */,
				93AF6C981B318A0D003FC314 /* dancing_box.fsh in Resources */,
				93AF6C9E1B31A4F7003FC314 /* eclipse.fsh in Resources */,
				931B312E1B28456D0054105C /* GameScene.sks in Resources */,
				931B31341B28456D0054105C /* Main.storyboard in Resources */,
				93AF6C9C1B319946003FC314 /* sinusoid.fsh in Resources */,
				93D1FCE91B301F90000A0603 /* ether.fsh in Resources */,
			);
			runOnlyForDeploymentPostprocessing = 0;
		};
		931B313C1B28456D0054105C /* Resources */ = {
			isa = PBXResourcesBuildPhase;
			buildActionMask = 2147483647;
			files = (
			);
			runOnlyForDeploymentPostprocessing = 0;
		};
/* End PBXResourcesBuildPhase section */

/* Begin PBXSourcesBuildPhase section */
		931B311C1B28456D0054105C /* Sources */ = {
			isa = PBXSourcesBuildPhase;
			buildActionMask = 2147483647;
			files = (
				931B31971B29614E0054105C /* LineSprite.m in Sources */,
				931B319B1B29A4B80054105C /* DotNode.m in Sources */,
				9363E62B1B3973AC000E0884 /* DBGameContainerViewController.m in Sources */,
				931B318E1B2867EF0054105C /* DotSprite.m in Sources */,
				9363E61F1B381BA8000E0884 /* DBLoginViewController.m in Sources */,
				9363E6281B39457B000E0884 /* DBGameTypeViewController.m in Sources */,
				935012781B2ED9EC0047D79A /* BoxNode.m in Sources */,
				931B31311B28456D0054105C /* GameViewController.m in Sources */,
				93B1D8B31B37FFA9007C507B /* SocketAnyEvent.swift in Sources */,
				931B31291B28456D0054105C /* AppDelegate.m in Sources */,
				93B1D8B21B37FFA9007C507B /* SocketAckManager.swift in Sources */,
				931B312C1B28456D0054105C /* GameScene.m in Sources */,
				93B1D8BE1B37FFA9007C507B /* WebSocket.swift in Sources */,
				931B31541B28494D0054105C /* Dot.m in Sources */,
				93B1D8BC1B37FFA9007C507B /* SocketTypes.swift in Sources */,
				93B1D8B51B37FFA9007C507B /* SocketEngineClient.swift in Sources */,
				93B1D8B91B37FFA9007C507B /* SocketLogger.swift in Sources */,
				931B31911B2868070054105C /* BoardNode.m in Sources */,
				93B1D8BB1B37FFA9007C507B /* SocketParser.swift in Sources */,
				93B1D8B61B37FFA9007C507B /* SocketEventHandler.swift in Sources */,
				931B31941B2961000054105C /* Line.m in Sources */,
				93B1D8B41B37FFA9007C507B /* SocketEngine.swift in Sources */,
				93B1D8BA1B37FFA9007C507B /* SocketPacket.swift in Sources */,
				93B1D8B81B37FFA9007C507B /* SocketIOClient.swift in Sources */,
				931B31261B28456D0054105C /* main.m in Sources */,
				931B31511B2847B50054105C /* Board.m in Sources */,
				93B1D8BD1B37FFA9007C507B /* SwiftRegex.swift in Sources */,
				93B1D8B71B37FFA9007C507B /* SocketFixUTF8.swift in Sources */,
				9363E6251B38453B000E0884 /* DBPlayersTableViewController.m in Sources */,
				931B319E1B29BD080054105C /* LineNode.m in Sources */,
			);
			runOnlyForDeploymentPostprocessing = 0;
		};
		931B313A1B28456D0054105C /* Sources */ = {
			isa = PBXSourcesBuildPhase;
			buildActionMask = 2147483647;
			files = (
				931B31451B28456D0054105C /* DotsAndBoxesTests.m in Sources */,
			);
			runOnlyForDeploymentPostprocessing = 0;
		};
/* End PBXSourcesBuildPhase section */

/* Begin PBXTargetDependency section */
		931B31401B28456D0054105C /* PBXTargetDependency */ = {
			isa = PBXTargetDependency;
			target = 931B311F1B28456D0054105C /* DotsAndBoxes */;
			targetProxy = 931B313F1B28456D0054105C /* PBXContainerItemProxy */;
		};
/* End PBXTargetDependency section */

/* Begin PBXVariantGroup section */
		931B31321B28456D0054105C /* Main.storyboard */ = {
			isa = PBXVariantGroup;
			children = (
				931B31331B28456D0054105C /* Base */,
			);
			name = Main.storyboard;
			sourceTree = "<group>";
		};
		931B31371B28456D0054105C /* LaunchScreen.xib */ = {
			isa = PBXVariantGroup;
			children = (
				931B31381B28456D0054105C /* Base */,
			);
			name = LaunchScreen.xib;
			sourceTree = "<group>";
		};
/* End PBXVariantGroup section */

/* Begin XCBuildConfiguration section */
		931B31461B28456D0054105C /* Debug */ = {
			isa = XCBuildConfiguration;
			buildSettings = {
				ALWAYS_SEARCH_USER_PATHS = NO;
				CLANG_CXX_LANGUAGE_STANDARD = "gnu++0x";
				CLANG_CXX_LIBRARY = "libc++";
				CLANG_ENABLE_MODULES = YES;
				CLANG_ENABLE_OBJC_ARC = YES;
				CLANG_WARN_BOOL_CONVERSION = YES;
				CLANG_WARN_CONSTANT_CONVERSION = YES;
				CLANG_WARN_DIRECT_OBJC_ISA_USAGE = YES_ERROR;
				CLANG_WARN_EMPTY_BODY = YES;
				CLANG_WARN_ENUM_CONVERSION = YES;
				CLANG_WARN_INT_CONVERSION = YES;
				CLANG_WARN_OBJC_ROOT_CLASS = YES_ERROR;
				CLANG_WARN_UNREACHABLE_CODE = YES;
				CLANG_WARN__DUPLICATE_METHOD_MATCH = YES;
				"CODE_SIGN_IDENTITY[sdk=iphoneos*]" = "iPhone Developer";
				COPY_PHASE_STRIP = NO;
				ENABLE_STRICT_OBJC_MSGSEND = YES;
				GCC_C_LANGUAGE_STANDARD = gnu99;
				GCC_DYNAMIC_NO_PIC = NO;
				GCC_OPTIMIZATION_LEVEL = 0;
				GCC_PREPROCESSOR_DEFINITIONS = (
					"DEBUG=1",
					"$(inherited)",
				);
				GCC_SYMBOLS_PRIVATE_EXTERN = NO;
				GCC_WARN_64_TO_32_BIT_CONVERSION = YES;
				GCC_WARN_ABOUT_RETURN_TYPE = YES_ERROR;
				GCC_WARN_UNDECLARED_SELECTOR = YES;
				GCC_WARN_UNINITIALIZED_AUTOS = YES_AGGRESSIVE;
				GCC_WARN_UNUSED_FUNCTION = YES;
				GCC_WARN_UNUSED_VARIABLE = YES;
				IPHONEOS_DEPLOYMENT_TARGET = 8.2;
				MTL_ENABLE_DEBUG_INFO = YES;
				ONLY_ACTIVE_ARCH = YES;
				SDKROOT = iphoneos;
			};
			name = Debug;
		};
		931B31471B28456D0054105C /* Release */ = {
			isa = XCBuildConfiguration;
			buildSettings = {
				ALWAYS_SEARCH_USER_PATHS = NO;
				CLANG_CXX_LANGUAGE_STANDARD = "gnu++0x";
				CLANG_CXX_LIBRARY = "libc++";
				CLANG_ENABLE_MODULES = YES;
				CLANG_ENABLE_OBJC_ARC = YES;
				CLANG_WARN_BOOL_CONVERSION = YES;
				CLANG_WARN_CONSTANT_CONVERSION = YES;
				CLANG_WARN_DIRECT_OBJC_ISA_USAGE = YES_ERROR;
				CLANG_WARN_EMPTY_BODY = YES;
				CLANG_WARN_ENUM_CONVERSION = YES;
				CLANG_WARN_INT_CONVERSION = YES;
				CLANG_WARN_OBJC_ROOT_CLASS = YES_ERROR;
				CLANG_WARN_UNREACHABLE_CODE = YES;
				CLANG_WARN__DUPLICATE_METHOD_MATCH = YES;
				"CODE_SIGN_IDENTITY[sdk=iphoneos*]" = "iPhone Developer";
				COPY_PHASE_STRIP = NO;
				ENABLE_NS_ASSERTIONS = NO;
				ENABLE_STRICT_OBJC_MSGSEND = YES;
				GCC_C_LANGUAGE_STANDARD = gnu99;
				GCC_WARN_64_TO_32_BIT_CONVERSION = YES;
				GCC_WARN_ABOUT_RETURN_TYPE = YES_ERROR;
				GCC_WARN_UNDECLARED_SELECTOR = YES;
				GCC_WARN_UNINITIALIZED_AUTOS = YES_AGGRESSIVE;
				GCC_WARN_UNUSED_FUNCTION = YES;
				GCC_WARN_UNUSED_VARIABLE = YES;
				IPHONEOS_DEPLOYMENT_TARGET = 8.2;
				MTL_ENABLE_DEBUG_INFO = NO;
				SDKROOT = iphoneos;
				VALIDATE_PRODUCT = YES;
			};
			name = Release;
		};
		931B31491B28456D0054105C /* Debug */ = {
			isa = XCBuildConfiguration;
			buildSettings = {
				ASSETCATALOG_COMPILER_APPICON_NAME = AppIcon;
				GCC_PRECOMPILE_PREFIX_HEADER = YES;
				GCC_PREFIX_HEADER = DotsAndBoxes/PrefixHeader.pch;
				INFOPLIST_FILE = DotsAndBoxes/Info.plist;
				IPHONEOS_DEPLOYMENT_TARGET = 8.0;
				LD_RUNPATH_SEARCH_PATHS = "$(inherited) @executable_path/Frameworks";
				PRODUCT_NAME = "$(TARGET_NAME)";
				TARGETED_DEVICE_FAMILY = 2;
			};
			name = Debug;
		};
		931B314A1B28456D0054105C /* Release */ = {
			isa = XCBuildConfiguration;
			buildSettings = {
				ASSETCATALOG_COMPILER_APPICON_NAME = AppIcon;
				GCC_PRECOMPILE_PREFIX_HEADER = YES;
				GCC_PREFIX_HEADER = DotsAndBoxes/PrefixHeader.pch;
				INFOPLIST_FILE = DotsAndBoxes/Info.plist;
				IPHONEOS_DEPLOYMENT_TARGET = 8.0;
				LD_RUNPATH_SEARCH_PATHS = "$(inherited) @executable_path/Frameworks";
				PRODUCT_NAME = "$(TARGET_NAME)";
				TARGETED_DEVICE_FAMILY = 2;
			};
			name = Release;
		};
		931B314C1B28456D0054105C /* Debug */ = {
			isa = XCBuildConfiguration;
			buildSettings = {
				BUNDLE_LOADER = "$(TEST_HOST)";
				FRAMEWORK_SEARCH_PATHS = (
					"$(SDKROOT)/Developer/Library/Frameworks",
					"$(inherited)",
				);
				GCC_PREPROCESSOR_DEFINITIONS = (
					"DEBUG=1",
					"$(inherited)",
				);
				INFOPLIST_FILE = DotsAndBoxesTests/Info.plist;
				LD_RUNPATH_SEARCH_PATHS = "$(inherited) @executable_path/Frameworks @loader_path/Frameworks";
				PRODUCT_NAME = "$(TARGET_NAME)";
				TEST_HOST = "$(BUILT_PRODUCTS_DIR)/DotsAndBoxes.app/DotsAndBoxes";
			};
			name = Debug;
		};
		931B314D1B28456D0054105C /* Release */ = {
			isa = XCBuildConfiguration;
			buildSettings = {
				BUNDLE_LOADER = "$(TEST_HOST)";
				FRAMEWORK_SEARCH_PATHS = (
					"$(SDKROOT)/Developer/Library/Frameworks",
					"$(inherited)",
				);
				INFOPLIST_FILE = DotsAndBoxesTests/Info.plist;
				LD_RUNPATH_SEARCH_PATHS = "$(inherited) @executable_path/Frameworks @loader_path/Frameworks";
				PRODUCT_NAME = "$(TARGET_NAME)";
				TEST_HOST = "$(BUILT_PRODUCTS_DIR)/DotsAndBoxes.app/DotsAndBoxes";
			};
			name = Release;
		};
/* End XCBuildConfiguration section */

/* Begin XCConfigurationList section */
		931B311B1B28456C0054105C /* Build configuration list for PBXProject "DotsAndBoxes" */ = {
			isa = XCConfigurationList;
			buildConfigurations = (
				931B31461B28456D0054105C /* Debug */,
				931B31471B28456D0054105C /* Release */,
			);
			defaultConfigurationIsVisible = 0;
			defaultConfigurationName = Release;
		};
		931B31481B28456D0054105C /* Build configuration list for PBXNativeTarget "DotsAndBoxes" */ = {
			isa = XCConfigurationList;
			buildConfigurations = (
				931B31491B28456D0054105C /* Debug */,
				931B314A1B28456D0054105C /* Release */,
			);
			defaultConfigurationIsVisible = 0;
			defaultConfigurationName = Release;
		};
		931B314B1B28456D0054105C /* Build configuration list for PBXNativeTarget "DotsAndBoxesTests" */ = {
			isa = XCConfigurationList;
			buildConfigurations = (
				931B314C1B28456D0054105C /* Debug */,
				931B314D1B28456D0054105C /* Release */,
			);
			defaultConfigurationIsVisible = 0;
			defaultConfigurationName = Release;
		};
/* End XCConfigurationList section */
	};
	rootObject = 931B31181B28456C0054105C /* Project object */;
}
